
Microsoft Visual Studio Solution File, Format Version 12.00
# Visual Studio Version 16
VisualStudioVersion = 16.0.30204.135
MinimumVisualStudioVersion = 10.0.40219.1
Project("{FAE04EC0-301F-11D3-BF4B-00C04F79EFBC}") = "AuthSamples", "AuthSamples\AuthSamples.csproj", "{71D0C8C5-7744-4D6D-B676-018F76AB9A32}"
EndProject
Project("{FAE04EC0-301F-11D3-BF4B-00C04F79EFBC}") = "WebApplicationAuth", "WebApplicationAuth\WebApplicationAuth.csproj", "{EF46AAA8-2BEE-4DDF-9096-B962B535C617}"
EndProject
Global
	GlobalSection(SolutionConfigurationPlatforms) = preSolution
		Debug|Any CPU = Debug|Any CPU
		Release|Any CPU = Release|Any CPU
	EndGlobalSection
	GlobalSection(ProjectConfigurationPlatforms) = postSolution
		{71D0C8C5-7744-4D6D-B676-018F76AB9A32}.Debug|Any CPU.ActiveCfg = Debug|Any CPU
		{71D0C8C5-7744-4D6D-B676-018F76AB9A32}.Debug|Any CPU.Build.0 = Debug|Any CPU
		{71D0C8C5-7744-4D6D-B676-018F76AB9A32}.Release|Any CPU.ActiveCfg = Release|Any CPU
		{71D0C8C5-7744-4D6D-B676-018F76AB9A32}.Release|Any CPU.Build.0 = Release|Any CPU
		{EF46AAA8-2BEE-4DDF-9096-B962B535C617}.Debug|Any CPU.ActiveCfg = Debug|Any CPU
		{EF46AAA8-2BEE-4DDF-9096-B962B535C617}.Debug|Any CPU.Build.0 = Debug|Any CPU
		{EF46AAA8-2BEE-4DDF-9096-B962B535C617}.Release|Any CPU.ActiveCfg = Release|Any CPU
		{EF46AAA8-2BEE-4DDF-9096-B962B535C617}.Release|Any CPU.Build.0 = Release|Any CPU
	EndGlobalSection
	GlobalSection(SolutionProperties) = preSolution
		HideSolutionNode = FALSE
	EndGlobalSection
	GlobalSection(ExtensibilityGlobals) = postSolution
		SolutionGuid = {24EFD495-9777-4B35-86E8-45C76FEB2E06}
	EndGlobalSection
EndGlobal
